
Microsoft Visual Studio Solution File, Format Version 12.00
# Visual Studio Version 17
VisualStudioVersion = 17.2.32602.215
MinimumVisualStudioVersion = 10.0.40219.1
Project("{FAE04EC0-301F-11D3-BF4B-00C04F79EFBC}") = "Total Calculator", "Total Calculator\Total Calculator.csproj", "{0AF90EE2-C65B-4B5F-BD4F-908C58BD53FD}"
EndProject
Global
	GlobalSection(SolutionConfigurationPlatforms) = preSolution
		Debug|Any CPU = Debug|Any CPU
		Release|Any CPU = Release|Any CPU
	EndGlobalSection
	GlobalSection(ProjectConfigurationPlatforms) = postSolution
		{0AF90EE2-C65B-4B5F-BD4F-908C58BD53FD}.Debug|Any CPU.ActiveCfg = Debug|Any CPU
		{0AF90EE2-C65B-4B5F-BD4F-908C58BD53FD}.Debug|Any CPU.Build.0 = Debug|Any CPU
		{0AF90EE2-C65B-4B5F-BD4F-908C58BD53FD}.Release|Any CPU.ActiveCfg = Release|Any CPU
		{0AF90EE2-C65B-4B5F-BD4F-908C58BD53FD}.Release|Any CPU.Build.0 = Release|Any CPU
	EndGlobalSection
	GlobalSection(SolutionProperties) = preSolution
		HideSolutionNode = FALSE
	EndGlobalSection
	GlobalSection(ExtensibilityGlobals) = postSolution
		SolutionGuid = {8B9590A9-72E7-48C0-83E3-6A83BD6A1461}
	EndGlobalSection
EndGlobal
